// !$*UTF8*$!
{
	archiveVersion = 1;
	classes = {
	};
	objectVersion = 51;
	objects = {

/* Begin PBXBuildFile section */
		A101CC2A26D6EEAF00DA9534 /* ProfileHeader.swift in Sources */ = {isa = PBXBuildFile; fileRef = A101CC2926D6EEAF00DA9534 /* ProfileHeader.swift */; };
		A11AF21026E11B6F00C21F0F /* UserCell.swift in Sources */ = {isa = PBXBuildFile; fileRef = A11AF20F26E11B6F00C21F0F /* UserCell.swift */; };
		A11FB51E26C9D06000A2E55E /* AppDelegate.swift in Sources */ = {isa = PBXBuildFile; fileRef = A11FB51D26C9D06000A2E55E /* AppDelegate.swift */; };
		A11FB52026C9D06000A2E55E /* SceneDelegate.swift in Sources */ = {isa = PBXBuildFile; fileRef = A11FB51F26C9D06000A2E55E /* SceneDelegate.swift */; };
		A11FB52526C9D06000A2E55E /* Main.storyboard in Resources */ = {isa = PBXBuildFile; fileRef = A11FB52326C9D06000A2E55E /* Main.storyboard */; };
		A11FB52726C9D06100A2E55E /* Assets.xcassets in Resources */ = {isa = PBXBuildFile; fileRef = A11FB52626C9D06100A2E55E /* Assets.xcassets */; };
		A11FB52A26C9D06100A2E55E /* LaunchScreen.storyboard in Resources */ = {isa = PBXBuildFile; fileRef = A11FB52826C9D06100A2E55E /* LaunchScreen.storyboard */; };
		A11FB53D26C9D22100A2E55E /* MainTabBarController.swift in Sources */ = {isa = PBXBuildFile; fileRef = A11FB53C26C9D22100A2E55E /* MainTabBarController.swift */; };
		A11FB54126C9D4B800A2E55E /* FeedController.swift in Sources */ = {isa = PBXBuildFile; fileRef = A11FB54026C9D4B800A2E55E /* FeedController.swift */; };
		A11FB54426C9D52800A2E55E /* ExploreController.swift in Sources */ = {isa = PBXBuildFile; fileRef = A11FB54326C9D52800A2E55E /* ExploreController.swift */; };
		A11FB54726C9D54500A2E55E /* NotificationsController.swift in Sources */ = {isa = PBXBuildFile; fileRef = A11FB54626C9D54500A2E55E /* NotificationsController.swift */; };
		A11FB54A26C9D56800A2E55E /* ConversationsController.swift in Sources */ = {isa = PBXBuildFile; fileRef = A11FB54926C9D56800A2E55E /* ConversationsController.swift */; };
		A122307F26D865AA002DD1D4 /* ProfileFilterView.swift in Sources */ = {isa = PBXBuildFile; fileRef = A122307E26D865AA002DD1D4 /* ProfileFilterView.swift */; };
		A122308226D86973002DD1D4 /* ProfileFilterCell.swift in Sources */ = {isa = PBXBuildFile; fileRef = A122308126D86973002DD1D4 /* ProfileFilterCell.swift */; };
		A1384ED126E4AC26000E4AAE /* SendTweetViewModel.swift in Sources */ = {isa = PBXBuildFile; fileRef = A1384ED026E4AC26000E4AAE /* SendTweetViewModel.swift */; };
		A13D512726CEAC5A000393AE /* GoogleService-Info.plist in Resources */ = {isa = PBXBuildFile; fileRef = A13D512626CEAC5A000393AE /* GoogleService-Info.plist */; };
		A13D512A26CEE9DA000393AE /* Constants.swift in Sources */ = {isa = PBXBuildFile; fileRef = A13D512926CEE9DA000393AE /* Constants.swift */; };
		A13D512F26CF03DE000393AE /* AuthService.swift in Sources */ = {isa = PBXBuildFile; fileRef = A13D512E26CF03DE000393AE /* AuthService.swift */; };
		A13E222726E2673B0088CC68 /* TweetController.swift in Sources */ = {isa = PBXBuildFile; fileRef = A13E222626E2673B0088CC68 /* TweetController.swift */; };
		A13E222B26E27D250088CC68 /* TweetHeader.swift in Sources */ = {isa = PBXBuildFile; fileRef = A13E222A26E27D250088CC68 /* TweetHeader.swift */; };
		A13E222E26E2D1F90088CC68 /* UIBuilder.swift in Sources */ = {isa = PBXBuildFile; fileRef = A13E222D26E2D1F90088CC68 /* UIBuilder.swift */; };
		A145B7DC26CFE98900A6FAC5 /* UserService.swift in Sources */ = {isa = PBXBuildFile; fileRef = A145B7DB26CFE98900A6FAC5 /* UserService.swift */; };
		A145B7DF26CFEE1C00A6FAC5 /* User.swift in Sources */ = {isa = PBXBuildFile; fileRef = A145B7DE26CFEE1C00A6FAC5 /* User.swift */; };
		A14A734526D18D0B00F31222 /* CaptionTextView.swift in Sources */ = {isa = PBXBuildFile; fileRef = A14A734426D18D0B00F31222 /* CaptionTextView.swift */; };
		A14A734826D19DE900F31222 /* TweetService.swift in Sources */ = {isa = PBXBuildFile; fileRef = A14A734726D19DE900F31222 /* TweetService.swift */; };
		A14A734B26D1C78700F31222 /* Tweet.swift in Sources */ = {isa = PBXBuildFile; fileRef = A14A734A26D1C78700F31222 /* Tweet.swift */; };
		A1637C9F26D07D8000531CF3 /* SendTweetController.swift in Sources */ = {isa = PBXBuildFile; fileRef = A1637C9E26D07D8000531CF3 /* SendTweetController.swift */; };
		A189446926CD84360033ACA5 /* Extensions.swift in Sources */ = {isa = PBXBuildFile; fileRef = A189446826CD84360033ACA5 /* Extensions.swift */; };
		A189446D26CD988C0033ACA5 /* LoginController.swift in Sources */ = {isa = PBXBuildFile; fileRef = A189446C26CD988C0033ACA5 /* LoginController.swift */; };
		A189447026CD98F80033ACA5 /* RegistrationController.swift in Sources */ = {isa = PBXBuildFile; fileRef = A189446F26CD98F80033ACA5 /* RegistrationController.swift */; };
		A189447326CDB0260033ACA5 /* UI.swift in Sources */ = {isa = PBXBuildFile; fileRef = A189447226CDB0260033ACA5 /* UI.swift */; };
		A18ADD9E26D2517300F0B782 /* FBDatabase.swift in Sources */ = {isa = PBXBuildFile; fileRef = A18ADD9D26D2517300F0B782 /* FBDatabase.swift */; };
		A18ADDA326D2519500F0B782 /* FBStorage.swift in Sources */ = {isa = PBXBuildFile; fileRef = A18ADDA226D2519500F0B782 /* FBStorage.swift */; };
		A18ADDA626D251A200F0B782 /* FBAuth.swift in Sources */ = {isa = PBXBuildFile; fileRef = A18ADDA526D251A200F0B782 /* FBAuth.swift */; };
		A18ADDA926D2524800F0B782 /* RemoteDatabase.swift in Sources */ = {isa = PBXBuildFile; fileRef = A18ADDA826D2524800F0B782 /* RemoteDatabase.swift */; };
		A18ADDAC26D2527A00F0B782 /* RemoteStorage.swift in Sources */ = {isa = PBXBuildFile; fileRef = A18ADDAB26D2527A00F0B782 /* RemoteStorage.swift */; };
		A18ADDAF26D252A500F0B782 /* RemoteAuth.swift in Sources */ = {isa = PBXBuildFile; fileRef = A18ADDAE26D252A500F0B782 /* RemoteAuth.swift */; };
		A18ADDB226D26B6C00F0B782 /* TweetCell.swift in Sources */ = {isa = PBXBuildFile; fileRef = A18ADDB126D26B6C00F0B782 /* TweetCell.swift */; };
		A18ADDB526D2C8DC00F0B782 /* TweetViewModel.swift in Sources */ = {isa = PBXBuildFile; fileRef = A18ADDB426D2C8DC00F0B782 /* TweetViewModel.swift */; };
		A196013626E3DF310059DC60 /* UIButton+extension.swift in Sources */ = {isa = PBXBuildFile; fileRef = A196013526E3DF310059DC60 /* UIButton+extension.swift */; };
		A196013926E3E6FF0059DC60 /* TweetActionsStackView.swift in Sources */ = {isa = PBXBuildFile; fileRef = A196013826E3E6FF0059DC60 /* TweetActionsStackView.swift */; };
		A1B7D39926D42085008440A7 /* ProfileController.swift in Sources */ = {isa = PBXBuildFile; fileRef = A1B7D39826D42085008440A7 /* ProfileController.swift */; };
		A1FADD5C26DFC2B900329DEE /* ProfileHeaderViewModel.swift in Sources */ = {isa = PBXBuildFile; fileRef = A1FADD5B26DFC2B900329DEE /* ProfileHeaderViewModel.swift */; };
		F37236DB0533CAB7987591E9 /* Pods_TwitterApp.framework in Frameworks */ = {isa = PBXBuildFile; fileRef = B3533F5A880B68E499F394AE /* Pods_TwitterApp.framework */; };
/* End PBXBuildFile section */

/* Begin PBXFileReference section */
		88C8F0BF5B16BB6DC50690B7 /* Pods-TwitterApp.release.xcconfig */ = {isa = PBXFileReference; includeInIndex = 1; lastKnownFileType = text.xcconfig; name = "Pods-TwitterApp.release.xcconfig"; path = "Target Support Files/Pods-TwitterApp/Pods-TwitterApp.release.xcconfig"; sourceTree = "<group>"; };
		A101CC2926D6EEAF00DA9534 /* ProfileHeader.swift */ = {isa = PBXFileReference; lastKnownFileType = sourcecode.swift; path = ProfileHeader.swift; sourceTree = "<group>"; };
		A11AF20F26E11B6F00C21F0F /* UserCell.swift */ = {isa = PBXFileReference; lastKnownFileType = sourcecode.swift; path = UserCell.swift; sourceTree = "<group>"; };
		A11FB51A26C9D06000A2E55E /* TwitterApp.app */ = {isa = PBXFileReference; explicitFileType = wrapper.application; includeInIndex = 0; path = TwitterApp.app; sourceTree = BUILT_PRODUCTS_DIR; };
		A11FB51D26C9D06000A2E55E /* AppDelegate.swift */ = {isa = PBXFileReference; lastKnownFileType = sourcecode.swift; path = AppDelegate.swift; sourceTree = "<group>"; };
		A11FB51F26C9D06000A2E55E /* SceneDelegate.swift */ = {isa = PBXFileReference; lastKnownFileType = sourcecode.swift; path = SceneDelegate.swift; sourceTree = "<group>"; };
		A11FB52426C9D06000A2E55E /* Base */ = {isa = PBXFileReference; lastKnownFileType = file.storyboard; name = Base; path = Base.lproj/Main.storyboard; sourceTree = "<group>"; };
		A11FB52626C9D06100A2E55E /* Assets.xcassets */ = {isa = PBXFileReference; lastKnownFileType = folder.assetcatalog; path = Assets.xcassets; sourceTree = "<group>"; };
		A11FB52926C9D06100A2E55E /* Base */ = {isa = PBXFileReference; lastKnownFileType = file.storyboard; name = Base; path = Base.lproj/LaunchScreen.storyboard; sourceTree = "<group>"; };
		A11FB52B26C9D06100A2E55E /* Info.plist */ = {isa = PBXFileReference; lastKnownFileType = text.plist.xml; path = Info.plist; sourceTree = "<group>"; };
		A11FB53C26C9D22100A2E55E /* MainTabBarController.swift */ = {isa = PBXFileReference; lastKnownFileType = sourcecode.swift; path = MainTabBarController.swift; sourceTree = "<group>"; };
		A11FB54026C9D4B800A2E55E /* FeedController.swift */ = {isa = PBXFileReference; lastKnownFileType = sourcecode.swift; path = FeedController.swift; sourceTree = "<group>"; };
		A11FB54326C9D52800A2E55E /* ExploreController.swift */ = {isa = PBXFileReference; fileEncoding = 4; lastKnownFileType = sourcecode.swift; path = ExploreController.swift; sourceTree = "<group>"; };
		A11FB54626C9D54500A2E55E /* NotificationsController.swift */ = {isa = PBXFileReference; fileEncoding = 4; lastKnownFileType = sourcecode.swift; path = NotificationsController.swift; sourceTree = "<group>"; };
		A11FB54926C9D56800A2E55E /* ConversationsController.swift */ = {isa = PBXFileReference; fileEncoding = 4; lastKnownFileType = sourcecode.swift; path = ConversationsController.swift; sourceTree = "<group>"; };
		A122307E26D865AA002DD1D4 /* ProfileFilterView.swift */ = {isa = PBXFileReference; lastKnownFileType = sourcecode.swift; path = ProfileFilterView.swift; sourceTree = "<group>"; };
		A122308126D86973002DD1D4 /* ProfileFilterCell.swift */ = {isa = PBXFileReference; lastKnownFileType = sourcecode.swift; path = ProfileFilterCell.swift; sourceTree = "<group>"; };
		A1384ED026E4AC26000E4AAE /* SendTweetViewModel.swift */ = {isa = PBXFileReference; lastKnownFileType = sourcecode.swift; path = SendTweetViewModel.swift; sourceTree = "<group>"; };
		A13D512626CEAC5A000393AE /* GoogleService-Info.plist */ = {isa = PBXFileReference; fileEncoding = 4; lastKnownFileType = text.plist.xml; path = "GoogleService-Info.plist"; sourceTree = "<group>"; };
		A13D512926CEE9DA000393AE /* Constants.swift */ = {isa = PBXFileReference; lastKnownFileType = sourcecode.swift; path = Constants.swift; sourceTree = "<group>"; };
		A13D512E26CF03DE000393AE /* AuthService.swift */ = {isa = PBXFileReference; lastKnownFileType = sourcecode.swift; path = AuthService.swift; sourceTree = "<group>"; };
		A13E222626E2673B0088CC68 /* TweetController.swift */ = {isa = PBXFileReference; lastKnownFileType = sourcecode.swift; path = TweetController.swift; sourceTree = "<group>"; };
		A13E222A26E27D250088CC68 /* TweetHeader.swift */ = {isa = PBXFileReference; lastKnownFileType = sourcecode.swift; path = TweetHeader.swift; sourceTree = "<group>"; };
		A13E222D26E2D1F90088CC68 /* UIBuilder.swift */ = {isa = PBXFileReference; lastKnownFileType = sourcecode.swift; path = UIBuilder.swift; sourceTree = "<group>"; };
		A145B7DB26CFE98900A6FAC5 /* UserService.swift */ = {isa = PBXFileReference; lastKnownFileType = sourcecode.swift; path = UserService.swift; sourceTree = "<group>"; };
		A145B7DE26CFEE1C00A6FAC5 /* User.swift */ = {isa = PBXFileReference; lastKnownFileType = sourcecode.swift; path = User.swift; sourceTree = "<group>"; };
		A14A734426D18D0B00F31222 /* CaptionTextView.swift */ = {isa = PBXFileReference; lastKnownFileType = sourcecode.swift; path = CaptionTextView.swift; sourceTree = "<group>"; };
		A14A734726D19DE900F31222 /* TweetService.swift */ = {isa = PBXFileReference; lastKnownFileType = sourcecode.swift; path = TweetService.swift; sourceTree = "<group>"; };
		A14A734A26D1C78700F31222 /* Tweet.swift */ = {isa = PBXFileReference; lastKnownFileType = sourcecode.swift; path = Tweet.swift; sourceTree = "<group>"; };
		A1637C9E26D07D8000531CF3 /* SendTweetController.swift */ = {isa = PBXFileReference; lastKnownFileType = sourcecode.swift; path = SendTweetController.swift; sourceTree = "<group>"; };
		A189446826CD84360033ACA5 /* Extensions.swift */ = {isa = PBXFileReference; lastKnownFileType = sourcecode.swift; path = Extensions.swift; sourceTree = "<group>"; };
		A189446C26CD988C0033ACA5 /* LoginController.swift */ = {isa = PBXFileReference; lastKnownFileType = sourcecode.swift; path = LoginController.swift; sourceTree = "<group>"; };
		A189446F26CD98F80033ACA5 /* RegistrationController.swift */ = {isa = PBXFileReference; lastKnownFileType = sourcecode.swift; path = RegistrationController.swift; sourceTree = "<group>"; };
		A189447226CDB0260033ACA5 /* UI.swift */ = {isa = PBXFileReference; lastKnownFileType = sourcecode.swift; path = UI.swift; sourceTree = "<group>"; };
		A18ADD9D26D2517300F0B782 /* FBDatabase.swift */ = {isa = PBXFileReference; lastKnownFileType = sourcecode.swift; path = FBDatabase.swift; sourceTree = "<group>"; };
		A18ADDA226D2519500F0B782 /* FBStorage.swift */ = {isa = PBXFileReference; lastKnownFileType = sourcecode.swift; path = FBStorage.swift; sourceTree = "<group>"; };
		A18ADDA526D251A200F0B782 /* FBAuth.swift */ = {isa = PBXFileReference; lastKnownFileType = sourcecode.swift; path = FBAuth.swift; sourceTree = "<group>"; };
		A18ADDA826D2524800F0B782 /* RemoteDatabase.swift */ = {isa = PBXFileReference; lastKnownFileType = sourcecode.swift; path = RemoteDatabase.swift; sourceTree = "<group>"; };
		A18ADDAB26D2527A00F0B782 /* RemoteStorage.swift */ = {isa = PBXFileReference; lastKnownFileType = sourcecode.swift; path = RemoteStorage.swift; sourceTree = "<group>"; };
		A18ADDAE26D252A500F0B782 /* RemoteAuth.swift */ = {isa = PBXFileReference; lastKnownFileType = sourcecode.swift; path = RemoteAuth.swift; sourceTree = "<group>"; };
		A18ADDB126D26B6C00F0B782 /* TweetCell.swift */ = {isa = PBXFileReference; lastKnownFileType = sourcecode.swift; path = TweetCell.swift; sourceTree = "<group>"; };
		A18ADDB426D2C8DC00F0B782 /* TweetViewModel.swift */ = {isa = PBXFileReference; lastKnownFileType = sourcecode.swift; path = TweetViewModel.swift; sourceTree = "<group>"; };
		A196013526E3DF310059DC60 /* UIButton+extension.swift */ = {isa = PBXFileReference; lastKnownFileType = sourcecode.swift; path = "UIButton+extension.swift"; sourceTree = "<group>"; };
		A196013826E3E6FF0059DC60 /* TweetActionsStackView.swift */ = {isa = PBXFileReference; lastKnownFileType = sourcecode.swift; path = TweetActionsStackView.swift; sourceTree = "<group>"; };
		A1B7D39826D42085008440A7 /* ProfileController.swift */ = {isa = PBXFileReference; lastKnownFileType = sourcecode.swift; path = ProfileController.swift; sourceTree = "<group>"; };
		A1FADD5B26DFC2B900329DEE /* ProfileHeaderViewModel.swift */ = {isa = PBXFileReference; lastKnownFileType = sourcecode.swift; path = ProfileHeaderViewModel.swift; sourceTree = "<group>"; };
		B3533F5A880B68E499F394AE /* Pods_TwitterApp.framework */ = {isa = PBXFileReference; explicitFileType = wrapper.framework; includeInIndex = 0; path = Pods_TwitterApp.framework; sourceTree = BUILT_PRODUCTS_DIR; };
		BDF3C89704F29A4BC04FD1C9 /* Pods-TwitterApp.debug.xcconfig */ = {isa = PBXFileReference; includeInIndex = 1; lastKnownFileType = text.xcconfig; name = "Pods-TwitterApp.debug.xcconfig"; path = "Target Support Files/Pods-TwitterApp/Pods-TwitterApp.debug.xcconfig"; sourceTree = "<group>"; };
/* End PBXFileReference section */

/* Begin PBXFrameworksBuildPhase section */
		A11FB51726C9D06000A2E55E /* Frameworks */ = {
			isa = PBXFrameworksBuildPhase;
			buildActionMask = 2147483647;
			files = (
				F37236DB0533CAB7987591E9 /* Pods_TwitterApp.framework in Frameworks */,
			);
			runOnlyForDeploymentPostprocessing = 0;
		};
/* End PBXFrameworksBuildPhase section */

/* Begin PBXGroup section */
		0ED43E55B44F26FF60A8069C /* Frameworks */ = {
			isa = PBXGroup;
			children = (
				B3533F5A880B68E499F394AE /* Pods_TwitterApp.framework */,
			);
			name = Frameworks;
			sourceTree = "<group>";
		};
		5E5BB904D7F4ED88D199E3B4 /* Pods */ = {
			isa = PBXGroup;
			children = (
				BDF3C89704F29A4BC04FD1C9 /* Pods-TwitterApp.debug.xcconfig */,
				88C8F0BF5B16BB6DC50690B7 /* Pods-TwitterApp.release.xcconfig */,
			);
			path = Pods;
			sourceTree = "<group>";
		};
		A11FB51126C9D06000A2E55E = {
			isa = PBXGroup;
			children = (
				A11FB51C26C9D06000A2E55E /* TwitterApp */,
				A11FB51B26C9D06000A2E55E /* Products */,
				5E5BB904D7F4ED88D199E3B4 /* Pods */,
				0ED43E55B44F26FF60A8069C /* Frameworks */,
			);
			sourceTree = "<group>";
		};
		A11FB51B26C9D06000A2E55E /* Products */ = {
			isa = PBXGroup;
			children = (
				A11FB51A26C9D06000A2E55E /* TwitterApp.app */,
			);
			name = Products;
			sourceTree = "<group>";
		};
		A11FB51C26C9D06000A2E55E /* TwitterApp */ = {
			isa = PBXGroup;
			children = (
				A11FB53726C9D0C200A2E55E /* Model */,
				A11FB53626C9D0BF00A2E55E /* View */,
				A11FB53526C9D0AB00A2E55E /* ViewModel */,
				A11FB53426C9D0A700A2E55E /* Controller */,
				A11FB53226C9D09700A2E55E /* API */,
				A18ADD9C26D2513F00F0B782 /* Lib */,
				A11FB53826C9D0F800A2E55E /* Utils */,
				A11FB51D26C9D06000A2E55E /* AppDelegate.swift */,
				A11FB51F26C9D06000A2E55E /* SceneDelegate.swift */,
				A11FB52326C9D06000A2E55E /* Main.storyboard */,
				A11FB52626C9D06100A2E55E /* Assets.xcassets */,
				A11FB52826C9D06100A2E55E /* LaunchScreen.storyboard */,
				A13D512626CEAC5A000393AE /* GoogleService-Info.plist */,
				A11FB52B26C9D06100A2E55E /* Info.plist */,
			);
			path = TwitterApp;
			sourceTree = "<group>";
		};
		A11FB53226C9D09700A2E55E /* API */ = {
			isa = PBXGroup;
			children = (
				A13D512E26CF03DE000393AE /* AuthService.swift */,
				A145B7DB26CFE98900A6FAC5 /* UserService.swift */,
				A14A734726D19DE900F31222 /* TweetService.swift */,
			);
			path = API;
			sourceTree = "<group>";
		};
		A11FB53426C9D0A700A2E55E /* Controller */ = {
			isa = PBXGroup;
			children = (
				A189446B26CD985C0033ACA5 /* Auth */,
				A11FB53C26C9D22100A2E55E /* MainTabBarController.swift */,
				A11FB54026C9D4B800A2E55E /* FeedController.swift */,
				A11FB54326C9D52800A2E55E /* ExploreController.swift */,
				A11FB54626C9D54500A2E55E /* NotificationsController.swift */,
				A11FB54926C9D56800A2E55E /* ConversationsController.swift */,
				A1637C9E26D07D8000531CF3 /* SendTweetController.swift */,
				A1B7D39826D42085008440A7 /* ProfileController.swift */,
				A13E222626E2673B0088CC68 /* TweetController.swift */,
			);
			path = Controller;
			sourceTree = "<group>";
		};
		A11FB53526C9D0AB00A2E55E /* ViewModel */ = {
			isa = PBXGroup;
			children = (
				A18ADDB426D2C8DC00F0B782 /* TweetViewModel.swift */,
				A1FADD5B26DFC2B900329DEE /* ProfileHeaderViewModel.swift */,
				A1384ED026E4AC26000E4AAE /* SendTweetViewModel.swift */,
			);
			path = ViewModel;
			sourceTree = "<group>";
		};
		A11FB53626C9D0BF00A2E55E /* View */ = {
			isa = PBXGroup;
			children = (
				A14A734426D18D0B00F31222 /* CaptionTextView.swift */,
				A18ADDB126D26B6C00F0B782 /* TweetCell.swift */,
				A1FADD5926DFB55200329DEE /* Profile */,
				A13E222926E27D030088CC68 /* Tweet */,
				A11AF20F26E11B6F00C21F0F /* UserCell.swift */,
			);
			path = View;
			sourceTree = "<group>";
		};
		A11FB53726C9D0C200A2E55E /* Model */ = {
			isa = PBXGroup;
			children = (
				A145B7DE26CFEE1C00A6FAC5 /* User.swift */,
				A14A734A26D1C78700F31222 /* Tweet.swift */,
			);
			path = Model;
			sourceTree = "<group>";
		};
		A11FB53826C9D0F800A2E55E /* Utils */ = {
			isa = PBXGroup;
			children = (
				A189446826CD84360033ACA5 /* Extensions.swift */,
				A189447226CDB0260033ACA5 /* UI.swift */,
				A13D512926CEE9DA000393AE /* Constants.swift */,
				A13E222D26E2D1F90088CC68 /* UIBuilder.swift */,
				A196013526E3DF310059DC60 /* UIButton+extension.swift */,
			);
			path = Utils;
			sourceTree = "<group>";
		};
		A13E222926E27D030088CC68 /* Tweet */ = {
			isa = PBXGroup;
			children = (
				A13E222A26E27D250088CC68 /* TweetHeader.swift */,
				A196013826E3E6FF0059DC60 /* TweetActionsStackView.swift */,
			);
			path = Tweet;
			sourceTree = "<group>";
		};
		A189446B26CD985C0033ACA5 /* Auth */ = {
			isa = PBXGroup;
			children = (
				A189446C26CD988C0033ACA5 /* LoginController.swift */,
				A189446F26CD98F80033ACA5 /* RegistrationController.swift */,
			);
			path = Auth;
			sourceTree = "<group>";
		};
		A18ADD9C26D2513F00F0B782 /* Lib */ = {
			isa = PBXGroup;
			children = (
				A18ADDA026D2518300F0B782 /* Firebase */,
				A18ADDA826D2524800F0B782 /* RemoteDatabase.swift */,
				A18ADDAB26D2527A00F0B782 /* RemoteStorage.swift */,
				A18ADDAE26D252A500F0B782 /* RemoteAuth.swift */,
			);
			path = Lib;
			sourceTree = "<group>";
		};
		A18ADDA026D2518300F0B782 /* Firebase */ = {
			isa = PBXGroup;
			children = (
				A18ADD9D26D2517300F0B782 /* FBDatabase.swift */,
				A18ADDA226D2519500F0B782 /* FBStorage.swift */,
				A18ADDA526D251A200F0B782 /* FBAuth.swift */,
			);
			path = Firebase;
			sourceTree = "<group>";
		};
		A1FADD5926DFB55200329DEE /* Profile */ = {
			isa = PBXGroup;
			children = (
				A101CC2926D6EEAF00DA9534 /* ProfileHeader.swift */,
				A122307E26D865AA002DD1D4 /* ProfileFilterView.swift */,
				A122308126D86973002DD1D4 /* ProfileFilterCell.swift */,
			);
			path = Profile;
			sourceTree = "<group>";
		};
/* End PBXGroup section */

/* Begin PBXNativeTarget section */
		A11FB51926C9D06000A2E55E /* TwitterApp */ = {
			isa = PBXNativeTarget;
			buildConfigurationList = A11FB52E26C9D06100A2E55E /* Build configuration list for PBXNativeTarget "TwitterApp" */;
			buildPhases = (
				1F639393502399AD89AE6B0F /* [CP] Check Pods Manifest.lock */,
				A11FB51626C9D06000A2E55E /* Sources */,
				A11FB51726C9D06000A2E55E /* Frameworks */,
				A11FB51826C9D06000A2E55E /* Resources */,
				221212564EA6560AC8787468 /* [CP] Embed Pods Frameworks */,
			);
			buildRules = (
			);
			dependencies = (
			);
			name = TwitterApp;
			productName = TwitterApp;
			productReference = A11FB51A26C9D06000A2E55E /* TwitterApp.app */;
			productType = "com.apple.product-type.application";
		};
/* End PBXNativeTarget section */

/* Begin PBXProject section */
		A11FB51226C9D06000A2E55E /* Project object */ = {
			isa = PBXProject;
			attributes = {
				LastSwiftUpdateCheck = 1240;
				LastUpgradeCheck = 1240;
				TargetAttributes = {
					A11FB51926C9D06000A2E55E = {
						CreatedOnToolsVersion = 12.4;
					};
				};
			};
			buildConfigurationList = A11FB51526C9D06000A2E55E /* Build configuration list for PBXProject "TwitterApp" */;
			compatibilityVersion = "Xcode 9.3";
			developmentRegion = en;
			hasScannedForEncodings = 0;
			knownRegions = (
				en,
				Base,
			);
			mainGroup = A11FB51126C9D06000A2E55E;
			productRefGroup = A11FB51B26C9D06000A2E55E /* Products */;
			projectDirPath = "";
			projectRoot = "";
			targets = (
				A11FB51926C9D06000A2E55E /* TwitterApp */,
			);
		};
/* End PBXProject section */

/* Begin PBXResourcesBuildPhase section */
		A11FB51826C9D06000A2E55E /* Resources */ = {
			isa = PBXResourcesBuildPhase;
			buildActionMask = 2147483647;
			files = (
				A11FB52A26C9D06100A2E55E /* LaunchScreen.storyboard in Resources */,
				A13D512726CEAC5A000393AE /* GoogleService-Info.plist in Resources */,
				A11FB52726C9D06100A2E55E /* Assets.xcassets in Resources */,
				A11FB52526C9D06000A2E55E /* Main.storyboard in Resources */,
			);
			runOnlyForDeploymentPostprocessing = 0;
		};
/* End PBXResourcesBuildPhase section */

/* Begin PBXShellScriptBuildPhase section */
		1F639393502399AD89AE6B0F /* [CP] Check Pods Manifest.lock */ = {
			isa = PBXShellScriptBuildPhase;
			buildActionMask = 2147483647;
			files = (
			);
			inputFileListPaths = (
			);
			inputPaths = (
				"${PODS_PODFILE_DIR_PATH}/Podfile.lock",
				"${PODS_ROOT}/Manifest.lock",
			);
			name = "[CP] Check Pods Manifest.lock";
			outputFileListPaths = (
			);
			outputPaths = (
				"$(DERIVED_FILE_DIR)/Pods-TwitterApp-checkManifestLockResult.txt",
			);
			runOnlyForDeploymentPostprocessing = 0;
			shellPath = /bin/sh;
			shellScript = "diff \"${PODS_PODFILE_DIR_PATH}/Podfile.lock\" \"${PODS_ROOT}/Manifest.lock\" > /dev/null\nif [ $? != 0 ] ; then\n    # print error to STDERR\n    echo \"error: The sandbox is not in sync with the Podfile.lock. Run 'pod install' or update your CocoaPods installation.\" >&2\n    exit 1\nfi\n# This output is used by Xcode 'outputs' to avoid re-running this script phase.\necho \"SUCCESS\" > \"${SCRIPT_OUTPUT_FILE_0}\"\n";
			showEnvVarsInLog = 0;
		};
		221212564EA6560AC8787468 /* [CP] Embed Pods Frameworks */ = {
			isa = PBXShellScriptBuildPhase;
			buildActionMask = 2147483647;
			files = (
			);
			inputFileListPaths = (
				"${PODS_ROOT}/Target Support Files/Pods-TwitterApp/Pods-TwitterApp-frameworks-${CONFIGURATION}-input-files.xcfilelist",
			);
			name = "[CP] Embed Pods Frameworks";
			outputFileListPaths = (
				"${PODS_ROOT}/Target Support Files/Pods-TwitterApp/Pods-TwitterApp-frameworks-${CONFIGURATION}-output-files.xcfilelist",
			);
			runOnlyForDeploymentPostprocessing = 0;
			shellPath = /bin/sh;
			shellScript = "\"${PODS_ROOT}/Target Support Files/Pods-TwitterApp/Pods-TwitterApp-frameworks.sh\"\n";
			showEnvVarsInLog = 0;
		};
/* End PBXShellScriptBuildPhase section */

/* Begin PBXSourcesBuildPhase section */
		A11FB51626C9D06000A2E55E /* Sources */ = {
			isa = PBXSourcesBuildPhase;
			buildActionMask = 2147483647;
			files = (
				A145B7DC26CFE98900A6FAC5 /* UserService.swift in Sources */,
				A11FB54726C9D54500A2E55E /* NotificationsController.swift in Sources */,
				A14A734526D18D0B00F31222 /* CaptionTextView.swift in Sources */,
				A18ADDA326D2519500F0B782 /* FBStorage.swift in Sources */,
				A11FB54A26C9D56800A2E55E /* ConversationsController.swift in Sources */,
				A18ADDAF26D252A500F0B782 /* RemoteAuth.swift in Sources */,
				A11FB51E26C9D06000A2E55E /* AppDelegate.swift in Sources */,
				A13E222B26E27D250088CC68 /* TweetHeader.swift in Sources */,
				A1B7D39926D42085008440A7 /* ProfileController.swift in Sources */,
				A122307F26D865AA002DD1D4 /* ProfileFilterView.swift in Sources */,
				A196013626E3DF310059DC60 /* UIButton+extension.swift in Sources */,
				A189446926CD84360033ACA5 /* Extensions.swift in Sources */,
				A189446D26CD988C0033ACA5 /* LoginController.swift in Sources */,
				A13E222726E2673B0088CC68 /* TweetController.swift in Sources */,
				A11FB54426C9D52800A2E55E /* ExploreController.swift in Sources */,
				A13D512F26CF03DE000393AE /* AuthService.swift in Sources */,
				A145B7DF26CFEE1C00A6FAC5 /* User.swift in Sources */,
				A18ADDA626D251A200F0B782 /* FBAuth.swift in Sources */,
				A11FB53D26C9D22100A2E55E /* MainTabBarController.swift in Sources */,
				A18ADDA926D2524800F0B782 /* RemoteDatabase.swift in Sources */,
				A18ADDB526D2C8DC00F0B782 /* TweetViewModel.swift in Sources */,
				A11FB52026C9D06000A2E55E /* SceneDelegate.swift in Sources */,
				A18ADD9E26D2517300F0B782 /* FBDatabase.swift in Sources */,
				A11AF21026E11B6F00C21F0F /* UserCell.swift in Sources */,
				A13E222E26E2D1F90088CC68 /* UIBuilder.swift in Sources */,
				A196013926E3E6FF0059DC60 /* TweetActionsStackView.swift in Sources */,
				A1384ED126E4AC26000E4AAE /* SendTweetViewModel.swift in Sources */,
				A1637C9F26D07D8000531CF3 /* SendTweetController.swift in Sources */,
				A122308226D86973002DD1D4 /* ProfileFilterCell.swift in Sources */,
				A189447326CDB0260033ACA5 /* UI.swift in Sources */,
				A189447026CD98F80033ACA5 /* RegistrationController.swift in Sources */,
				A11FB54126C9D4B800A2E55E /* FeedController.swift in Sources */,
				A13D512A26CEE9DA000393AE /* Constants.swift in Sources */,
				A14A734B26D1C78700F31222 /* Tweet.swift in Sources */,
				A18ADDB226D26B6C00F0B782 /* TweetCell.swift in Sources */,
				A14A734826D19DE900F31222 /* TweetService.swift in Sources */,
				A1FADD5C26DFC2B900329DEE /* ProfileHeaderViewModel.swift in Sources */,
				A101CC2A26D6EEAF00DA9534 /* ProfileHeader.swift in Sources */,
				A18ADDAC26D2527A00F0B782 /* RemoteStorage.swift in Sources */,
			);
			runOnlyForDeploymentPostprocessing = 0;
		};
/* End PBXSourcesBuildPhase section */

/* Begin PBXVariantGroup section */
		A11FB52326C9D06000A2E55E /* Main.storyboard */ = {
			isa = PBXVariantGroup;
			children = (
				A11FB52426C9D06000A2E55E /* Base */,
			);
			name = Main.storyboard;
			sourceTree = "<group>";
		};
		A11FB52826C9D06100A2E55E /* LaunchScreen.storyboard */ = {
			isa = PBXVariantGroup;
			children = (
				A11FB52926C9D06100A2E55E /* Base */,
			);
			name = LaunchScreen.storyboard;
			sourceTree = "<group>";
		};
/* End PBXVariantGroup section */

/* Begin XCBuildConfiguration section */
		A11FB52C26C9D06100A2E55E /* Debug */ = {
			isa = XCBuildConfiguration;
			buildSettings = {
				ALWAYS_SEARCH_USER_PATHS = NO;
				CLANG_ANALYZER_NONNULL = YES;
				CLANG_ANALYZER_NUMBER_OBJECT_CONVERSION = YES_AGGRESSIVE;
				CLANG_CXX_LANGUAGE_STANDARD = "gnu++14";
				CLANG_CXX_LIBRARY = "libc++";
				CLANG_ENABLE_MODULES = YES;
				CLANG_ENABLE_OBJC_ARC = YES;
				CLANG_ENABLE_OBJC_WEAK = YES;
				CLANG_WARN_BLOCK_CAPTURE_AUTORELEASING = YES;
				CLANG_WARN_BOOL_CONVERSION = YES;
				CLANG_WARN_COMMA = YES;
				CLANG_WARN_CONSTANT_CONVERSION = YES;
				CLANG_WARN_DEPRECATED_OBJC_IMPLEMENTATIONS = YES;
				CLANG_WARN_DIRECT_OBJC_ISA_USAGE = YES_ERROR;
				CLANG_WARN_DOCUMENTATION_COMMENTS = YES;
				CLANG_WARN_EMPTY_BODY = YES;
				CLANG_WARN_ENUM_CONVERSION = YES;
				CLANG_WARN_INFINITE_RECURSION = YES;
				CLANG_WARN_INT_CONVERSION = YES;
				CLANG_WARN_NON_LITERAL_NULL_CONVERSION = YES;
				CLANG_WARN_OBJC_IMPLICIT_RETAIN_SELF = YES;
				CLANG_WARN_OBJC_LITERAL_CONVERSION = YES;
				CLANG_WARN_OBJC_ROOT_CLASS = YES_ERROR;
				CLANG_WARN_QUOTED_INCLUDE_IN_FRAMEWORK_HEADER = YES;
				CLANG_WARN_RANGE_LOOP_ANALYSIS = YES;
				CLANG_WARN_STRICT_PROTOTYPES = YES;
				CLANG_WARN_SUSPICIOUS_MOVE = YES;
				CLANG_WARN_UNGUARDED_AVAILABILITY = YES_AGGRESSIVE;
				CLANG_WARN_UNREACHABLE_CODE = YES;
				CLANG_WARN__DUPLICATE_METHOD_MATCH = YES;
				COPY_PHASE_STRIP = NO;
				DEBUG_INFORMATION_FORMAT = dwarf;
				ENABLE_STRICT_OBJC_MSGSEND = YES;
				ENABLE_TESTABILITY = YES;
				GCC_C_LANGUAGE_STANDARD = gnu11;
				GCC_DYNAMIC_NO_PIC = NO;
				GCC_NO_COMMON_BLOCKS = YES;
				GCC_OPTIMIZATION_LEVEL = 0;
				GCC_PREPROCESSOR_DEFINITIONS = (
					"DEBUG=1",
					"$(inherited)",
				);
				GCC_WARN_64_TO_32_BIT_CONVERSION = YES;
				GCC_WARN_ABOUT_RETURN_TYPE = YES_ERROR;
				GCC_WARN_UNDECLARED_SELECTOR = YES;
				GCC_WARN_UNINITIALIZED_AUTOS = YES_AGGRESSIVE;
				GCC_WARN_UNUSED_FUNCTION = YES;
				GCC_WARN_UNUSED_VARIABLE = YES;
				IPHONEOS_DEPLOYMENT_TARGET = 13.0;
				MTL_ENABLE_DEBUG_INFO = INCLUDE_SOURCE;
				MTL_FAST_MATH = YES;
				ONLY_ACTIVE_ARCH = YES;
				SDKROOT = iphoneos;
				SWIFT_ACTIVE_COMPILATION_CONDITIONS = DEBUG;
				SWIFT_OPTIMIZATION_LEVEL = "-Onone";
			};
			name = Debug;
		};
		A11FB52D26C9D06100A2E55E /* Release */ = {
			isa = XCBuildConfiguration;
			buildSettings = {
				ALWAYS_SEARCH_USER_PATHS = NO;
				CLANG_ANALYZER_NONNULL = YES;
				CLANG_ANALYZER_NUMBER_OBJECT_CONVERSION = YES_AGGRESSIVE;
				CLANG_CXX_LANGUAGE_STANDARD = "gnu++14";
				CLANG_CXX_LIBRARY = "libc++";
				CLANG_ENABLE_MODULES = YES;
				CLANG_ENABLE_OBJC_ARC = YES;
				CLANG_ENABLE_OBJC_WEAK = YES;
				CLANG_WARN_BLOCK_CAPTURE_AUTORELEASING = YES;
				CLANG_WARN_BOOL_CONVERSION = YES;
				CLANG_WARN_COMMA = YES;
				CLANG_WARN_CONSTANT_CONVERSION = YES;
				CLANG_WARN_DEPRECATED_OBJC_IMPLEMENTATIONS = YES;
				CLANG_WARN_DIRECT_OBJC_ISA_USAGE = YES_ERROR;
				CLANG_WARN_DOCUMENTATION_COMMENTS = YES;
				CLANG_WARN_EMPTY_BODY = YES;
				CLANG_WARN_ENUM_CONVERSION = YES;
				CLANG_WARN_INFINITE_RECURSION = YES;
				CLANG_WARN_INT_CONVERSION = YES;
				CLANG_WARN_NON_LITERAL_NULL_CONVERSION = YES;
				CLANG_WARN_OBJC_IMPLICIT_RETAIN_SELF = YES;
				CLANG_WARN_OBJC_LITERAL_CONVERSION = YES;
				CLANG_WARN_OBJC_ROOT_CLASS = YES_ERROR;
				CLANG_WARN_QUOTED_INCLUDE_IN_FRAMEWORK_HEADER = YES;
				CLANG_WARN_RANGE_LOOP_ANALYSIS = YES;
				CLANG_WARN_STRICT_PROTOTYPES = YES;
				CLANG_WARN_SUSPICIOUS_MOVE = YES;
				CLANG_WARN_UNGUARDED_AVAILABILITY = YES_AGGRESSIVE;
				CLANG_WARN_UNREACHABLE_CODE = YES;
				CLANG_WARN__DUPLICATE_METHOD_MATCH = YES;
				COPY_PHASE_STRIP = NO;
				DEBUG_INFORMATION_FORMAT = "dwarf-with-dsym";
				ENABLE_NS_ASSERTIONS = NO;
				ENABLE_STRICT_OBJC_MSGSEND = YES;
				GCC_C_LANGUAGE_STANDARD = gnu11;
				GCC_NO_COMMON_BLOCKS = YES;
				GCC_WARN_64_TO_32_BIT_CONVERSION = YES;
				GCC_WARN_ABOUT_RETURN_TYPE = YES_ERROR;
				GCC_WARN_UNDECLARED_SELECTOR = YES;
				GCC_WARN_UNINITIALIZED_AUTOS = YES_AGGRESSIVE;
				GCC_WARN_UNUSED_FUNCTION = YES;
				GCC_WARN_UNUSED_VARIABLE = YES;
				IPHONEOS_DEPLOYMENT_TARGET = 13.0;
				MTL_ENABLE_DEBUG_INFO = NO;
				MTL_FAST_MATH = YES;
				SDKROOT = iphoneos;
				SWIFT_COMPILATION_MODE = wholemodule;
				SWIFT_OPTIMIZATION_LEVEL = "-O";
				VALIDATE_PRODUCT = YES;
			};
			name = Release;
		};
		A11FB52F26C9D06100A2E55E /* Debug */ = {
			isa = XCBuildConfiguration;
			baseConfigurationReference = BDF3C89704F29A4BC04FD1C9 /* Pods-TwitterApp.debug.xcconfig */;
			buildSettings = {
				ASSETCATALOG_COMPILER_APPICON_NAME = AppIcon;
				ASSETCATALOG_COMPILER_GLOBAL_ACCENT_COLOR_NAME = AccentColor;
				CODE_SIGN_STYLE = Automatic;
				DEVELOPMENT_TEAM = 8CHVCWFP3P;
				INFOPLIST_FILE = TwitterApp/Info.plist;
				IPHONEOS_DEPLOYMENT_TARGET = 13.0;
				LD_RUNPATH_SEARCH_PATHS = (
					"$(inherited)",
					"@executable_path/Frameworks",
				);
				PRODUCT_BUNDLE_IDENTIFIER = ru.user.home.TwitterApp;
				PRODUCT_NAME = "$(TARGET_NAME)";
				SWIFT_VERSION = 5.0;
				TARGETED_DEVICE_FAMILY = "1,2";
			};
			name = Debug;
		};
		A11FB53026C9D06100A2E55E /* Release */ = {
			isa = XCBuildConfiguration;
			baseConfigurationReference = 88C8F0BF5B16BB6DC50690B7 /* Pods-TwitterApp.release.xcconfig */;
			buildSettings = {
				ASSETCATALOG_COMPILER_APPICON_NAME = AppIcon;
				ASSETCATALOG_COMPILER_GLOBAL_ACCENT_COLOR_NAME = AccentColor;
				CODE_SIGN_STYLE = Automatic;
				DEVELOPMENT_TEAM = 8CHVCWFP3P;
				INFOPLIST_FILE = TwitterApp/Info.plist;
				IPHONEOS_DEPLOYMENT_TARGET = 13.0;
				LD_RUNPATH_SEARCH_PATHS = (
					"$(inherited)",
					"@executable_path/Frameworks",
				);
				PRODUCT_BUNDLE_IDENTIFIER = ru.user.home.TwitterApp;
				PRODUCT_NAME = "$(TARGET_NAME)";
				SWIFT_VERSION = 5.0;
				TARGETED_DEVICE_FAMILY = "1,2";
			};
			name = Release;
		};
/* End XCBuildConfiguration section */

/* Begin XCConfigurationList section */
		A11FB51526C9D06000A2E55E /* Build configuration list for PBXProject "TwitterApp" */ = {
			isa = XCConfigurationList;
			buildConfigurations = (
				A11FB52C26C9D06100A2E55E /* Debug */,
				A11FB52D26C9D06100A2E55E /* Release */,
			);
			defaultConfigurationIsVisible = 0;
			defaultConfigurationName = Release;
		};
		A11FB52E26C9D06100A2E55E /* Build configuration list for PBXNativeTarget "TwitterApp" */ = {
			isa = XCConfigurationList;
			buildConfigurations = (
				A11FB52F26C9D06100A2E55E /* Debug */,
				A11FB53026C9D06100A2E55E /* Release */,
			);
			defaultConfigurationIsVisible = 0;
			defaultConfigurationName = Release;
		};
/* End XCConfigurationList section */
	};
	rootObject = A11FB51226C9D06000A2E55E /* Project object */;
}
